// !$*UTF8*$!
{
	archiveVersion = 1;
	classes = {
	};
	objectVersion = 46;
	objects = {

/* Begin PBXBuildFile section */
		8C87ADBF1C6E3084001F8020 /* AppDelegate.swift in Sources */ = {isa = PBXBuildFile; fileRef = 8C87ADBE1C6E3084001F8020 /* AppDelegate.swift */; };
		8C87ADC11C6E3084001F8020 /* ViewController.swift in Sources */ = {isa = PBXBuildFile; fileRef = 8C87ADC01C6E3084001F8020 /* ViewController.swift */; };
		8C87ADC41C6E3084001F8020 /* Main.storyboard in Resources */ = {isa = PBXBuildFile; fileRef = 8C87ADC21C6E3084001F8020 /* Main.storyboard */; };
		8C87ADC61C6E3084001F8020 /* Assets.xcassets in Resources */ = {isa = PBXBuildFile; fileRef = 8C87ADC51C6E3084001F8020 /* Assets.xcassets */; };
		8C87ADC91C6E3084001F8020 /* LaunchScreen.storyboard in Resources */ = {isa = PBXBuildFile; fileRef = 8C87ADC71C6E3084001F8020 /* LaunchScreen.storyboard */; };
/* End PBXBuildFile section */

/* Begin PBXFileReference section */
		8C87ADBB1C6E3084001F8020 /* stackview-exercise.app */ = {isa = PBXFileReference; explicitFileType = wrapper.application; includeInIndex = 0; path = "stackview-exercise.app"; sourceTree = BUILT_PRODUCTS_DIR; };
		8C87ADBE1C6E3084001F8020 /* AppDelegate.swift */ = {isa = PBXFileReference; lastKnownFileType = sourcecode.swift; path = AppDelegate.swift; sourceTree = "<group>"; };
		8C87ADC01C6E3084001F8020 /* ViewController.swift */ = {isa = PBXFileReference; lastKnownFileType = sourcecode.swift; path = ViewController.swift; sourceTree = "<group>"; };
		8C87ADC31C6E3084001F8020 /* Base */ = {isa = PBXFileReference; lastKnownFileType = file.storyboard; name = Base; path = Base.lproj/Main.storyboard; sourceTree = "<group>"; };
		8C87ADC51C6E3084001F8020 /* Assets.xcassets */ = {isa = PBXFileReference; lastKnownFileType = folder.assetcatalog; path = Assets.xcassets; sourceTree = "<group>"; };
		8C87ADC81C6E3084001F8020 /* Base */ = {isa = PBXFileReference; lastKnownFileType = file.storyboard; name = Base; path = Base.lproj/LaunchScreen.storyboard; sourceTree = "<group>"; };
		8C87ADCA1C6E3084001F8020 /* Info.plist */ = {isa = PBXFileReference; lastKnownFileType = text.plist.xml; path = Info.plist; sourceTree = "<group>"; };
/* End PBXFileReference section */

/* Begin PBXFrameworksBuildPhase section */
		8C87ADB81C6E3084001F8020 /* Frameworks */ = {
			isa = PBXFrameworksBuildPhase;
			buildActionMask = 2147483647;
			files = (
			);
			runOnlyForDeploymentPostprocessing = 0;
		};
/* End PBXFrameworksBuildPhase section */

/* Begin PBXGroup section */
		8C87ADB21C6E3084001F8020 = {
			isa = PBXGroup;
			children = (
				8C87ADBD1C6E3084001F8020 /* stackview-exercise */,
				8C87ADBC1C6E3084001F8020 /* Products */,
			);
			sourceTree = "<group>";
		};
		8C87ADBC1C6E3084001F8020 /* Products */ = {
			isa = PBXGroup;
			children = (
				8C87ADBB1C6E3084001F8020 /* stackview-exercise.app */,
			);
			name = Products;
			sourceTree = "<group>";
		};
		8C87ADBD1C6E3084001F8020 /* stackview-exercise */ = {
			isa = PBXGroup;
			children = (
				8C87ADBE1C6E3084001F8020 /* AppDelegate.swift */,
				8C87ADC01C6E3084001F8020 /* ViewController.swift */,
				8C87ADC21C6E3084001F8020 /* Main.storyboard */,
				8C87ADC51C6E3084001F8020 /* Assets.xcassets */,
				8C87ADC71C6E3084001F8020 /* LaunchScreen.storyboard */,
				8C87ADCA1C6E3084001F8020 /* Info.plist */,
			);
			path = "stackview-exercise";
			sourceTree = "<group>";
		};
/* End PBXGroup section */

/* Begin PBXNativeTarget section */
		8C87ADBA1C6E3084001F8020 /* stackview-exercise */ = {
			isa = PBXNativeTarget;
			buildConfigurationList = 8C87ADCD1C6E3084001F8020 /* Build configuration list for PBXNativeTarget "stackview-exercise" */;
			buildPhases = (
				8C87ADB71C6E3084001F8020 /* Sources */,
				8C87ADB81C6E3084001F8020 /* Frameworks */,
				8C87ADB91C6E3084001F8020 /* Resources */,
			);
			buildRules = (
			);
			dependencies = (
			);
			name = "stackview-exercise";
			productName = "stackview-exercise";
			productReference = 8C87ADBB1C6E3084001F8020 /* stackview-exercise.app */;
			productType = "com.apple.product-type.application";
		};
/* End PBXNativeTarget section */

/* Begin PBXProject section */
		8C87ADB31C6E3084001F8020 /* Project object */ = {
			isa = PBXProject;
			attributes = {
				LastSwiftUpdateCheck = 0720;
				LastUpgradeCheck = 0720;
				ORGANIZATIONNAME = mosby;
				TargetAttributes = {
					8C87ADBA1C6E3084001F8020 = {
						CreatedOnToolsVersion = 7.2.1;
					};
				};
			};
			buildConfigurationList = 8C87ADB61C6E3084001F8020 /* Build configuration list for PBXProject "stackview-exercise" */;
			compatibilityVersion = "Xcode 3.2";
			developmentRegion = English;
			hasScannedForEncodings = 0;
			knownRegions = (
				en,
				Base,
			);
			mainGroup = 8C87ADB21C6E3084001F8020;
			productRefGroup = 8C87ADBC1C6E3084001F8020 /* Products */;
			projectDirPath = "";
			projectRoot = "";
			targets = (
				8C87ADBA1C6E3084001F8020 /* stackview-exercise */,
			);
		};
/* End PBXProject section */

/* Begin PBXResourcesBuildPhase section */
		8C87ADB91C6E3084001F8020 /* Resources */ = {
			isa = PBXResourcesBuildPhase;
			buildActionMask = 2147483647;
			files = (
				8C87ADC91C6E3084001F8020 /* LaunchScreen.storyboard in Resources */,
				8C87ADC61C6E3084001F8020 /* Assets.xcassets in Resources */,
				8C87ADC41C6E3084001F8020 /* Main.storyboard in Resources */,
			);
			runOnlyForDeploymentPostprocessing = 0;
		};
/* End PBXResourcesBuildPhase section */

/* Begin PBXSourcesBuildPhase section */
		8C87ADB71C6E3084001F8020 /* Sources */ = {
			isa = PBXSourcesBuildPhase;
			buildActionMask = 2147483647;
			files = (
				8C87ADC11C6E3084001F8020 /* ViewController.swift in Sources */,
				8C87ADBF1C6E3084001F8020 /* AppDelegate.swift in Sources */,
			);
			runOnlyForDeploymentPostprocessing = 0;
		};
/* End PBXSourcesBuildPhase section */

/* Begin PBXVariantGroup section */
		8C87ADC21C6E3084001F8020 /* Main.storyboard */ = {
			isa = PBXVariantGroup;
			children = (
				8C87ADC31C6E3084001F8020 /* Base */,
			);
			name = Main.storyboard;
			sourceTree = "<group>";
		};
		8C87ADC71C6E3084001F8020 /* LaunchScreen.storyboard */ = {
			isa = PBXVariantGroup;
			children = (
				8C87ADC81C6E3084001F8020 /* Base */,
			);
			name = LaunchScreen.storyboard;
			sourceTree = "<group>";
		};
/* End PBXVariantGroup section */

/* Begin XCBuildConfiguration section */
		8C87ADCB1C6E3084001F8020 /* Debug */ = {
			isa = XCBuildConfiguration;
			buildSettings = {
				ALWAYS_SEARCH_USER_PATHS = NO;
				CLANG_CXX_LANGUAGE_STANDARD = "gnu++0x";
				CLANG_CXX_LIBRARY = "libc++";
				CLANG_ENABLE_MODULES = YES;
				CLANG_ENABLE_OBJC_ARC = YES;
				CLANG_WARN_BOOL_CONVERSION = YES;
				CLANG_WARN_CONSTANT_CONVERSION = YES;
				CLANG_WARN_DIRECT_OBJC_ISA_USAGE = YES_ERROR;
				CLANG_WARN_EMPTY_BODY = YES;
				CLANG_WARN_ENUM_CONVERSION = YES;
				CLANG_WARN_INT_CONVERSION = YES;
				CLANG_WARN_OBJC_ROOT_CLASS = YES_ERROR;
				CLANG_WARN_UNREACHABLE_CODE = YES;
				CLANG_WARN__DUPLICATE_METHOD_MATCH = YES;
				"CODE_SIGN_IDENTITY[sdk=iphoneos*]" = "iPhone Developer";
				COPY_PHASE_STRIP = NO;
				DEBUG_INFORMATION_FORMAT = dwarf;
				ENABLE_STRICT_OBJC_MSGSEND = YES;
				ENABLE_TESTABILITY = YES;
				GCC_C_LANGUAGE_STANDARD = gnu99;
				GCC_DYNAMIC_NO_PIC = NO;
				GCC_NO_COMMON_BLOCKS = YES;
				GCC_OPTIMIZATION_LEVEL = 0;
				GCC_PREPROCESSOR_DEFINITIONS = (
					"DEBUG=1",
					"$(inherited)",
				);
				GCC_WARN_64_TO_32_BIT_CONVERSION = YES;
				GCC_WARN_ABOUT_RETURN_TYPE = YES_ERROR;
				GCC_WARN_UNDECLARED_SELECTOR = YES;
				GCC_WARN_UNINITIALIZED_AUTOS = YES_AGGRESSIVE;
				GCC_WARN_UNUSED_FUNCTION = YES;
				GCC_WARN_UNUSED_VARIABLE = YES;
				IPHONEOS_DEPLOYMENT_TARGET = 9.2;
				MTL_ENABLE_DEBUG_INFO = YES;
				ONLY_ACTIVE_ARCH = YES;
				SDKROOT = iphoneos;
				SWIFT_OPTIMIZATION_LEVEL = "-Onone";
			};
			name = Debug;
		};
		8C87ADCC1C6E3084001F8020 /* Release */ = {
			isa = XCBuildConfiguration;
			buildSettings = {
				ALWAYS_SEARCH_USER_PATHS = NO;
				CLANG_CXX_LANGUAGE_STANDARD = "gnu++0x";
				CLANG_CXX_LIBRARY = "libc++";
				CLANG_ENABLE_MODULES = YES;
				CLANG_ENABLE_OBJC_ARC = YES;
				CLANG_WARN_BOOL_CONVERSION = YES;
				CLANG_WARN_CONSTANT_CONVERSION = YES;
				CLANG_WARN_DIRECT_OBJC_ISA_USAGE = YES_ERROR;
				CLANG_WARN_EMPTY_BODY = YES;
				CLANG_WARN_ENUM_CONVERSION = YES;
				CLANG_WARN_INT_CONVERSION = YES;
				CLANG_WARN_OBJC_ROOT_CLASS = YES_ERROR;
				CLANG_WARN_UNREACHABLE_CODE = YES;
				CLANG_WARN__DUPLICATE_METHOD_MATCH = YES;
				"CODE_SIGN_IDENTITY[sdk=iphoneos*]" = "iPhone Developer";
				COPY_PHASE_STRIP = NO;
				DEBUG_INFORMATION_FORMAT = "dwarf-with-dsym";
				ENABLE_NS_ASSERTIONS = NO;
				ENABLE_STRICT_OBJC_MSGSEND = YES;
				GCC_C_LANGUAGE_STANDARD = gnu99;
				GCC_NO_COMMON_BLOCKS = YES;
				GCC_WARN_64_TO_32_BIT_CONVERSION = YES;
				GCC_WARN_ABOUT_RETURN_TYPE = YES_ERROR;
				GCC_WARN_UNDECLARED_SELECTOR = YES;
				GCC_WARN_UNINITIALIZED_AUTOS = YES_AGGRESSIVE;
				GCC_WARN_UNUSED_FUNCTION = YES;
				GCC_WARN_UNUSED_VARIABLE = YES;
				IPHONEOS_DEPLOYMENT_TARGET = 9.2;
				MTL_ENABLE_DEBUG_INFO = NO;
				SDKROOT = iphoneos;
				VALIDATE_PRODUCT = YES;
			};
			name = Release;
		};
		8C87ADCE1C6E3084001F8020 /* Debug */ = {
			isa = XCBuildConfiguration;
			buildSettings = {
				ASSETCATALOG_COMPILER_APPICON_NAME = AppIcon;
				INFOPLIST_FILE = "stackview-exercise/Info.plist";
				LD_RUNPATH_SEARCH_PATHS = "$(inherited) @executable_path/Frameworks";
				PRODUCT_BUNDLE_IDENTIFIER = "com.mosby.stackview-exercise";
				PRODUCT_NAME = "$(TARGET_NAME)";
			};
			name = Debug;
		};
		8C87ADCF1C6E3084001F8020 /* Release */ = {
			isa = XCBuildConfiguration;
			buildSettings = {
				ASSETCATALOG_COMPILER_APPICON_NAME = AppIcon;
				INFOPLIST_FILE = "stackview-exercise/Info.plist";
				LD_RUNPATH_SEARCH_PATHS = "$(inherited) @executable_path/Frameworks";
				PRODUCT_BUNDLE_IDENTIFIER = "com.mosby.stackview-exercise";
				PRODUCT_NAME = "$(TARGET_NAME)";
			};
			name = Release;
		};
/* End XCBuildConfiguration section */

/* Begin XCConfigurationList section */
		8C87ADB61C6E3084001F8020 /* Build configuration list for PBXProject "stackview-exercise" */ = {
			isa = XCConfigurationList;
			buildConfigurations = (
				8C87ADCB1C6E3084001F8020 /* Debug */,
				8C87ADCC1C6E3084001F8020 /* Release */,
			);
			defaultConfigurationIsVisible = 0;
			defaultConfigurationName = Release;
		};
		8C87ADCD1C6E3084001F8020 /* Build configuration list for PBXNativeTarget "stackview-exercise" */ = {
			isa = XCConfigurationList;
			buildConfigurations = (
				8C87ADCE1C6E3084001F8020 /* Debug */,
				8C87ADCF1C6E3084001F8020 /* Release */,
			);
			defaultConfigurationIsVisible = 0;
		};
/* End XCConfigurationList section */
	};
	rootObject = 8C87ADB31C6E3084001F8020 /* Project object */;
}
